// !$*UTF8*$!
{
	archiveVersion = 1;
	classes = {
	};
	objectVersion = 46;
	objects = {

/* Begin PBXBuildFile section */
		0C05BBD664DF790FD62ABD70 /* Pods.framework in Frameworks */ = {isa = PBXBuildFile; fileRef = 3EF9DA961770C2848947C4F5 /* Pods.framework */; };
		9B03C2AE1CF97A6700BAA06A /* AppDelegate.swift in Sources */ = {isa = PBXBuildFile; fileRef = 9B03C2AD1CF97A6700BAA06A /* AppDelegate.swift */; };
		9B03C2B31CF97A6700BAA06A /* Main.storyboard in Resources */ = {isa = PBXBuildFile; fileRef = 9B03C2B11CF97A6700BAA06A /* Main.storyboard */; };
		9B03C2B51CF97A6700BAA06A /* Assets.xcassets in Resources */ = {isa = PBXBuildFile; fileRef = 9B03C2B41CF97A6700BAA06A /* Assets.xcassets */; };
		9B03C2B81CF97A6700BAA06A /* LaunchScreen.storyboard in Resources */ = {isa = PBXBuildFile; fileRef = 9B03C2B61CF97A6700BAA06A /* LaunchScreen.storyboard */; };
		9B03C2C31CF97A6700BAA06A /* LLBFeedTests.swift in Sources */ = {isa = PBXBuildFile; fileRef = 9B03C2C21CF97A6700BAA06A /* LLBFeedTests.swift */; };
		9B03C2CE1CF97A6700BAA06A /* LLBFeedUITests.swift in Sources */ = {isa = PBXBuildFile; fileRef = 9B03C2CD1CF97A6700BAA06A /* LLBFeedUITests.swift */; };
		9B03C2E01CF9887D00BAA06A /* LLBConstants.swift in Sources */ = {isa = PBXBuildFile; fileRef = 9B03C2DF1CF9887D00BAA06A /* LLBConstants.swift */; };
		9B03C2E21CF98DD000BAA06A /* LLBTagsImageViewController.swift in Sources */ = {isa = PBXBuildFile; fileRef = 9B03C2E11CF98DD000BAA06A /* LLBTagsImageViewController.swift */; };
		9B03C2E41CF98DF400BAA06A /* LLBWindowManager.swift in Sources */ = {isa = PBXBuildFile; fileRef = 9B03C2E31CF98DF400BAA06A /* LLBWindowManager.swift */; };
		9B03C2E91CF991AF00BAA06A /* LLBGenericExtensions.swift in Sources */ = {isa = PBXBuildFile; fileRef = 9B03C2E81CF991AF00BAA06A /* LLBGenericExtensions.swift */; };
		9B03C2EB1CF9956F00BAA06A /* LLBLoginController.swift in Sources */ = {isa = PBXBuildFile; fileRef = 9B03C2EA1CF9956F00BAA06A /* LLBLoginController.swift */; };
		9BBE7FF71CF9EC970062C339 /* LLBPhotoFeedView.swift in Sources */ = {isa = PBXBuildFile; fileRef = 9BBE7FF61CF9EC970062C339 /* LLBPhotoFeedView.swift */; };
		9BBE7FF91CF9ECA60062C339 /* LLBPhotoFeedView.xib in Resources */ = {isa = PBXBuildFile; fileRef = 9BBE7FF81CF9ECA60062C339 /* LLBPhotoFeedView.xib */; };
		9BC63A181CF9C54E0078A996 /* LLBStorageExtension.swift in Sources */ = {isa = PBXBuildFile; fileRef = 9BC63A171CF9C54E0078A996 /* LLBStorageExtension.swift */; };
		9BC63A1A1CF9C8270078A996 /* LLBDataFetcher.swift in Sources */ = {isa = PBXBuildFile; fileRef = 9BC63A191CF9C8270078A996 /* LLBDataFetcher.swift */; };
		9BF847C11CF9D5DF003BF0C3 /* LLBPhotoFeedCaptionFrom.swift in Sources */ = {isa = PBXBuildFile; fileRef = 9BF847C01CF9D5DF003BF0C3 /* LLBPhotoFeedCaptionFrom.swift */; };
		9BF847C31CF9D680003BF0C3 /* LLBPhotoFeedCaption.swift in Sources */ = {isa = PBXBuildFile; fileRef = 9BF847C21CF9D680003BF0C3 /* LLBPhotoFeedCaption.swift */; };
		9BF847C51CF9D755003BF0C3 /* LLBPhotoFeedImageResolution.swift in Sources */ = {isa = PBXBuildFile; fileRef = 9BF847C41CF9D755003BF0C3 /* LLBPhotoFeedImageResolution.swift */; };
		9BF847C71CF9D7D9003BF0C3 /* LLBPhotoFeedImage.swift in Sources */ = {isa = PBXBuildFile; fileRef = 9BF847C61CF9D7D9003BF0C3 /* LLBPhotoFeedImage.swift */; };
		9BF847C91CF9D881003BF0C3 /* LLBPhotoFeedUser.swift in Sources */ = {isa = PBXBuildFile; fileRef = 9BF847C81CF9D881003BF0C3 /* LLBPhotoFeedUser.swift */; };
		9BF847CB1CF9D964003BF0C3 /* LLBPhotoFeedLike.swift in Sources */ = {isa = PBXBuildFile; fileRef = 9BF847CA1CF9D964003BF0C3 /* LLBPhotoFeedLike.swift */; };
		9BF847CD1CF9D9C3003BF0C3 /* LLBPhotoFeed.swift in Sources */ = {isa = PBXBuildFile; fileRef = 9BF847CC1CF9D9C3003BF0C3 /* LLBPhotoFeed.swift */; };
		9BF847CF1CF9E0A8003BF0C3 /* LLBPhotoFeedGroup.swift in Sources */ = {isa = PBXBuildFile; fileRef = 9BF847CE1CF9E0A8003BF0C3 /* LLBPhotoFeedGroup.swift */; };
/* End PBXBuildFile section */

/* Begin PBXContainerItemProxy section */
		9B03C2BF1CF97A6700BAA06A /* PBXContainerItemProxy */ = {
			isa = PBXContainerItemProxy;
			containerPortal = 9B03C2A21CF97A6700BAA06A /* Project object */;
			proxyType = 1;
			remoteGlobalIDString = 9B03C2A91CF97A6700BAA06A;
			remoteInfo = LLBFeed;
		};
		9B03C2CA1CF97A6700BAA06A /* PBXContainerItemProxy */ = {
			isa = PBXContainerItemProxy;
			containerPortal = 9B03C2A21CF97A6700BAA06A /* Project object */;
			proxyType = 1;
			remoteGlobalIDString = 9B03C2A91CF97A6700BAA06A;
			remoteInfo = LLBFeed;
		};
/* End PBXContainerItemProxy section */

/* Begin PBXFileReference section */
		0B7E33D01DF7CC6CF5C5F4FE /* Pods.debug.xcconfig */ = {isa = PBXFileReference; includeInIndex = 1; lastKnownFileType = text.xcconfig; name = Pods.debug.xcconfig; path = "Pods/Target Support Files/Pods/Pods.debug.xcconfig"; sourceTree = "<group>"; };
		220185A69D43BF1DDC689FB5 /* Pods.release.xcconfig */ = {isa = PBXFileReference; includeInIndex = 1; lastKnownFileType = text.xcconfig; name = Pods.release.xcconfig; path = "Pods/Target Support Files/Pods/Pods.release.xcconfig"; sourceTree = "<group>"; };
		3EF9DA961770C2848947C4F5 /* Pods.framework */ = {isa = PBXFileReference; explicitFileType = wrapper.framework; includeInIndex = 0; path = Pods.framework; sourceTree = BUILT_PRODUCTS_DIR; };
		9B03C2AA1CF97A6700BAA06A /* LLBFeed.app */ = {isa = PBXFileReference; explicitFileType = wrapper.application; includeInIndex = 0; path = LLBFeed.app; sourceTree = BUILT_PRODUCTS_DIR; };
		9B03C2AD1CF97A6700BAA06A /* AppDelegate.swift */ = {isa = PBXFileReference; lastKnownFileType = sourcecode.swift; path = AppDelegate.swift; sourceTree = "<group>"; };
		9B03C2B21CF97A6700BAA06A /* Base */ = {isa = PBXFileReference; lastKnownFileType = file.storyboard; name = Base; path = Base.lproj/Main.storyboard; sourceTree = "<group>"; };
		9B03C2B41CF97A6700BAA06A /* Assets.xcassets */ = {isa = PBXFileReference; lastKnownFileType = folder.assetcatalog; path = Assets.xcassets; sourceTree = "<group>"; };
		9B03C2B71CF97A6700BAA06A /* Base */ = {isa = PBXFileReference; lastKnownFileType = file.storyboard; name = Base; path = Base.lproj/LaunchScreen.storyboard; sourceTree = "<group>"; };
		9B03C2B91CF97A6700BAA06A /* Info.plist */ = {isa = PBXFileReference; lastKnownFileType = text.plist.xml; path = Info.plist; sourceTree = "<group>"; };
		9B03C2BE1CF97A6700BAA06A /* LLBFeedTests.xctest */ = {isa = PBXFileReference; explicitFileType = wrapper.cfbundle; includeInIndex = 0; path = LLBFeedTests.xctest; sourceTree = BUILT_PRODUCTS_DIR; };
		9B03C2C21CF97A6700BAA06A /* LLBFeedTests.swift */ = {isa = PBXFileReference; lastKnownFileType = sourcecode.swift; path = LLBFeedTests.swift; sourceTree = "<group>"; };
		9B03C2C41CF97A6700BAA06A /* Info.plist */ = {isa = PBXFileReference; lastKnownFileType = text.plist.xml; path = Info.plist; sourceTree = "<group>"; };
		9B03C2C91CF97A6700BAA06A /* LLBFeedUITests.xctest */ = {isa = PBXFileReference; explicitFileType = wrapper.cfbundle; includeInIndex = 0; path = LLBFeedUITests.xctest; sourceTree = BUILT_PRODUCTS_DIR; };
		9B03C2CD1CF97A6700BAA06A /* LLBFeedUITests.swift */ = {isa = PBXFileReference; lastKnownFileType = sourcecode.swift; path = LLBFeedUITests.swift; sourceTree = "<group>"; };
		9B03C2CF1CF97A6700BAA06A /* Info.plist */ = {isa = PBXFileReference; lastKnownFileType = text.plist.xml; path = Info.plist; sourceTree = "<group>"; };
		9B03C2DF1CF9887D00BAA06A /* LLBConstants.swift */ = {isa = PBXFileReference; fileEncoding = 4; lastKnownFileType = sourcecode.swift; path = LLBConstants.swift; sourceTree = "<group>"; };
		9B03C2E11CF98DD000BAA06A /* LLBTagsImageViewController.swift */ = {isa = PBXFileReference; fileEncoding = 4; lastKnownFileType = sourcecode.swift; path = LLBTagsImageViewController.swift; sourceTree = "<group>"; };
		9B03C2E31CF98DF400BAA06A /* LLBWindowManager.swift */ = {isa = PBXFileReference; fileEncoding = 4; lastKnownFileType = sourcecode.swift; path = LLBWindowManager.swift; sourceTree = "<group>"; };
		9B03C2E81CF991AF00BAA06A /* LLBGenericExtensions.swift */ = {isa = PBXFileReference; fileEncoding = 4; lastKnownFileType = sourcecode.swift; path = LLBGenericExtensions.swift; sourceTree = "<group>"; };
		9B03C2EA1CF9956F00BAA06A /* LLBLoginController.swift */ = {isa = PBXFileReference; fileEncoding = 4; lastKnownFileType = sourcecode.swift; path = LLBLoginController.swift; sourceTree = "<group>"; };
		9BBE7FF61CF9EC970062C339 /* LLBPhotoFeedView.swift */ = {isa = PBXFileReference; fileEncoding = 4; lastKnownFileType = sourcecode.swift; path = LLBPhotoFeedView.swift; sourceTree = "<group>"; };
		9BBE7FF81CF9ECA60062C339 /* LLBPhotoFeedView.xib */ = {isa = PBXFileReference; fileEncoding = 4; lastKnownFileType = file.xib; path = LLBPhotoFeedView.xib; sourceTree = "<group>"; };
		9BC63A171CF9C54E0078A996 /* LLBStorageExtension.swift */ = {isa = PBXFileReference; fileEncoding = 4; lastKnownFileType = sourcecode.swift; path = LLBStorageExtension.swift; sourceTree = "<group>"; };
		9BC63A191CF9C8270078A996 /* LLBDataFetcher.swift */ = {isa = PBXFileReference; fileEncoding = 4; lastKnownFileType = sourcecode.swift; path = LLBDataFetcher.swift; sourceTree = "<group>"; };
		9BF847C01CF9D5DF003BF0C3 /* LLBPhotoFeedCaptionFrom.swift */ = {isa = PBXFileReference; fileEncoding = 4; lastKnownFileType = sourcecode.swift; path = LLBPhotoFeedCaptionFrom.swift; sourceTree = "<group>"; };
		9BF847C21CF9D680003BF0C3 /* LLBPhotoFeedCaption.swift */ = {isa = PBXFileReference; fileEncoding = 4; lastKnownFileType = sourcecode.swift; path = LLBPhotoFeedCaption.swift; sourceTree = "<group>"; };
		9BF847C41CF9D755003BF0C3 /* LLBPhotoFeedImageResolution.swift */ = {isa = PBXFileReference; fileEncoding = 4; lastKnownFileType = sourcecode.swift; path = LLBPhotoFeedImageResolution.swift; sourceTree = "<group>"; };
		9BF847C61CF9D7D9003BF0C3 /* LLBPhotoFeedImage.swift */ = {isa = PBXFileReference; fileEncoding = 4; lastKnownFileType = sourcecode.swift; path = LLBPhotoFeedImage.swift; sourceTree = "<group>"; };
		9BF847C81CF9D881003BF0C3 /* LLBPhotoFeedUser.swift */ = {isa = PBXFileReference; fileEncoding = 4; lastKnownFileType = sourcecode.swift; path = LLBPhotoFeedUser.swift; sourceTree = "<group>"; };
		9BF847CA1CF9D964003BF0C3 /* LLBPhotoFeedLike.swift */ = {isa = PBXFileReference; fileEncoding = 4; lastKnownFileType = sourcecode.swift; path = LLBPhotoFeedLike.swift; sourceTree = "<group>"; };
		9BF847CC1CF9D9C3003BF0C3 /* LLBPhotoFeed.swift */ = {isa = PBXFileReference; fileEncoding = 4; lastKnownFileType = sourcecode.swift; path = LLBPhotoFeed.swift; sourceTree = "<group>"; };
		9BF847CE1CF9E0A8003BF0C3 /* LLBPhotoFeedGroup.swift */ = {isa = PBXFileReference; fileEncoding = 4; lastKnownFileType = sourcecode.swift; path = LLBPhotoFeedGroup.swift; sourceTree = "<group>"; };
/* End PBXFileReference section */

/* Begin PBXFrameworksBuildPhase section */
		9B03C2A71CF97A6700BAA06A /* Frameworks */ = {
			isa = PBXFrameworksBuildPhase;
			buildActionMask = 2147483647;
			files = (
				0C05BBD664DF790FD62ABD70 /* Pods.framework in Frameworks */,
			);
			runOnlyForDeploymentPostprocessing = 0;
		};
		9B03C2BB1CF97A6700BAA06A /* Frameworks */ = {
			isa = PBXFrameworksBuildPhase;
			buildActionMask = 2147483647;
			files = (
			);
			runOnlyForDeploymentPostprocessing = 0;
		};
		9B03C2C61CF97A6700BAA06A /* Frameworks */ = {
			isa = PBXFrameworksBuildPhase;
			buildActionMask = 2147483647;
			files = (
			);
			runOnlyForDeploymentPostprocessing = 0;
		};
/* End PBXFrameworksBuildPhase section */

/* Begin PBXGroup section */
		12E8ADBDB7399E897D1488B7 /* Frameworks */ = {
			isa = PBXGroup;
			children = (
				3EF9DA961770C2848947C4F5 /* Pods.framework */,
			);
			name = Frameworks;
			sourceTree = "<group>";
		};
		82DC2D5B0DB12170D00BBFFE /* Pods */ = {
			isa = PBXGroup;
			children = (
				0B7E33D01DF7CC6CF5C5F4FE /* Pods.debug.xcconfig */,
				220185A69D43BF1DDC689FB5 /* Pods.release.xcconfig */,
			);
			name = Pods;
			sourceTree = "<group>";
		};
		9B03C2A11CF97A6700BAA06A = {
			isa = PBXGroup;
			children = (
				9B03C2AC1CF97A6700BAA06A /* LLBFeed */,
				9B03C2C11CF97A6700BAA06A /* LLBFeedTests */,
				9B03C2CC1CF97A6700BAA06A /* LLBFeedUITests */,
				9B03C2AB1CF97A6700BAA06A /* Products */,
				82DC2D5B0DB12170D00BBFFE /* Pods */,
				12E8ADBDB7399E897D1488B7 /* Frameworks */,
			);
			sourceTree = "<group>";
		};
		9B03C2AB1CF97A6700BAA06A /* Products */ = {
			isa = PBXGroup;
			children = (
				9B03C2AA1CF97A6700BAA06A /* LLBFeed.app */,
				9B03C2BE1CF97A6700BAA06A /* LLBFeedTests.xctest */,
				9B03C2C91CF97A6700BAA06A /* LLBFeedUITests.xctest */,
			);
			name = Products;
			sourceTree = "<group>";
		};
		9B03C2AC1CF97A6700BAA06A /* LLBFeed */ = {
			isa = PBXGroup;
			children = (
				9B03C2E51CF9914E00BAA06A /* Utils */,
				9B03C2DE1CF9885B00BAA06A /* Views */,
				9B03C2DD1CF9884D00BAA06A /* Controllers */,
				9B03C2DC1CF9884700BAA06A /* Managers */,
				9B03C2DB1CF9883D00BAA06A /* Models */,
				9B03C2AD1CF97A6700BAA06A /* AppDelegate.swift */,
				9B03C2B11CF97A6700BAA06A /* Main.storyboard */,
				9B03C2B41CF97A6700BAA06A /* Assets.xcassets */,
				9B03C2B61CF97A6700BAA06A /* LaunchScreen.storyboard */,
				9B03C2B91CF97A6700BAA06A /* Info.plist */,
			);
			path = LLBFeed;
			sourceTree = "<group>";
		};
		9B03C2C11CF97A6700BAA06A /* LLBFeedTests */ = {
			isa = PBXGroup;
			children = (
				9B03C2C21CF97A6700BAA06A /* LLBFeedTests.swift */,
				9B03C2C41CF97A6700BAA06A /* Info.plist */,
			);
			path = LLBFeedTests;
			sourceTree = "<group>";
		};
		9B03C2CC1CF97A6700BAA06A /* LLBFeedUITests */ = {
			isa = PBXGroup;
			children = (
				9B03C2CD1CF97A6700BAA06A /* LLBFeedUITests.swift */,
				9B03C2CF1CF97A6700BAA06A /* Info.plist */,
			);
			path = LLBFeedUITests;
			sourceTree = "<group>";
		};
		9B03C2DB1CF9883D00BAA06A /* Models */ = {
			isa = PBXGroup;
			children = (
				9BF847C01CF9D5DF003BF0C3 /* LLBPhotoFeedCaptionFrom.swift */,
				9BF847C21CF9D680003BF0C3 /* LLBPhotoFeedCaption.swift */,
				9BF847C41CF9D755003BF0C3 /* LLBPhotoFeedImageResolution.swift */,
				9BF847C61CF9D7D9003BF0C3 /* LLBPhotoFeedImage.swift */,
				9BF847C81CF9D881003BF0C3 /* LLBPhotoFeedUser.swift */,
				9BF847CA1CF9D964003BF0C3 /* LLBPhotoFeedLike.swift */,
				9BF847CC1CF9D9C3003BF0C3 /* LLBPhotoFeed.swift */,
				9BF847CE1CF9E0A8003BF0C3 /* LLBPhotoFeedGroup.swift */,
			);
			name = Models;
			sourceTree = "<group>";
		};
		9B03C2DC1CF9884700BAA06A /* Managers */ = {
			isa = PBXGroup;
			children = (
				9B03C2E31CF98DF400BAA06A /* LLBWindowManager.swift */,
				9BC63A191CF9C8270078A996 /* LLBDataFetcher.swift */,
			);
			name = Managers;
			sourceTree = "<group>";
		};
		9B03C2DD1CF9884D00BAA06A /* Controllers */ = {
			isa = PBXGroup;
			children = (
				9B03C2E11CF98DD000BAA06A /* LLBTagsImageViewController.swift */,
				9B03C2EA1CF9956F00BAA06A /* LLBLoginController.swift */,
			);
			name = Controllers;
			sourceTree = "<group>";
		};
		9B03C2DE1CF9885B00BAA06A /* Views */ = {
			isa = PBXGroup;
			children = (
				9BBE7FF61CF9EC970062C339 /* LLBPhotoFeedView.swift */,
				9BBE7FF81CF9ECA60062C339 /* LLBPhotoFeedView.xib */,
			);
			name = Views;
			sourceTree = "<group>";
		};
		9B03C2E51CF9914E00BAA06A /* Utils */ = {
			isa = PBXGroup;
			children = (
				9B03C2E81CF991AF00BAA06A /* LLBGenericExtensions.swift */,
				9BC63A171CF9C54E0078A996 /* LLBStorageExtension.swift */,
				9B03C2DF1CF9887D00BAA06A /* LLBConstants.swift */,
			);
			name = Utils;
			sourceTree = "<group>";
		};
/* End PBXGroup section */

/* Begin PBXNativeTarget section */
		9B03C2A91CF97A6700BAA06A /* LLBFeed */ = {
			isa = PBXNativeTarget;
			buildConfigurationList = 9B03C2D21CF97A6700BAA06A /* Build configuration list for PBXNativeTarget "LLBFeed" */;
			buildPhases = (
				B78DFC2BBD10B2972216CF52 /* Check Pods Manifest.lock */,
				9B03C2A61CF97A6700BAA06A /* Sources */,
				9B03C2A71CF97A6700BAA06A /* Frameworks */,
				9B03C2A81CF97A6700BAA06A /* Resources */,
				F8C67E555DE9299A202E224C /* Embed Pods Frameworks */,
				5D41443CE0F3560FE152A3EF /* Copy Pods Resources */,
			);
			buildRules = (
			);
			dependencies = (
			);
			name = LLBFeed;
			productName = LLBFeed;
			productReference = 9B03C2AA1CF97A6700BAA06A /* LLBFeed.app */;
			productType = "com.apple.product-type.application";
		};
		9B03C2BD1CF97A6700BAA06A /* LLBFeedTests */ = {
			isa = PBXNativeTarget;
			buildConfigurationList = 9B03C2D51CF97A6700BAA06A /* Build configuration list for PBXNativeTarget "LLBFeedTests" */;
			buildPhases = (
				9B03C2BA1CF97A6700BAA06A /* Sources */,
				9B03C2BB1CF97A6700BAA06A /* Frameworks */,
				9B03C2BC1CF97A6700BAA06A /* Resources */,
			);
			buildRules = (
			);
			dependencies = (
				9B03C2C01CF97A6700BAA06A /* PBXTargetDependency */,
			);
			name = LLBFeedTests;
			productName = LLBFeedTests;
			productReference = 9B03C2BE1CF97A6700BAA06A /* LLBFeedTests.xctest */;
			productType = "com.apple.product-type.bundle.unit-test";
		};
		9B03C2C81CF97A6700BAA06A /* LLBFeedUITests */ = {
			isa = PBXNativeTarget;
			buildConfigurationList = 9B03C2D81CF97A6700BAA06A /* Build configuration list for PBXNativeTarget "LLBFeedUITests" */;
			buildPhases = (
				9B03C2C51CF97A6700BAA06A /* Sources */,
				9B03C2C61CF97A6700BAA06A /* Frameworks */,
				9B03C2C71CF97A6700BAA06A /* Resources */,
			);
			buildRules = (
			);
			dependencies = (
				9B03C2CB1CF97A6700BAA06A /* PBXTargetDependency */,
			);
			name = LLBFeedUITests;
			productName = LLBFeedUITests;
			productReference = 9B03C2C91CF97A6700BAA06A /* LLBFeedUITests.xctest */;
			productType = "com.apple.product-type.bundle.ui-testing";
		};
/* End PBXNativeTarget section */

/* Begin PBXProject section */
		9B03C2A21CF97A6700BAA06A /* Project object */ = {
			isa = PBXProject;
			attributes = {
				LastSwiftUpdateCheck = 0730;
				LastUpgradeCheck = 0730;
				ORGANIZATIONNAME = Shashi;
				TargetAttributes = {
					9B03C2A91CF97A6700BAA06A = {
						CreatedOnToolsVersion = 7.3;
					};
					9B03C2BD1CF97A6700BAA06A = {
						CreatedOnToolsVersion = 7.3;
						TestTargetID = 9B03C2A91CF97A6700BAA06A;
					};
					9B03C2C81CF97A6700BAA06A = {
						CreatedOnToolsVersion = 7.3;
						TestTargetID = 9B03C2A91CF97A6700BAA06A;
					};
				};
			};
			buildConfigurationList = 9B03C2A51CF97A6700BAA06A /* Build configuration list for PBXProject "LLBFeed" */;
			compatibilityVersion = "Xcode 3.2";
			developmentRegion = English;
			hasScannedForEncodings = 0;
			knownRegions = (
				en,
				Base,
			);
			mainGroup = 9B03C2A11CF97A6700BAA06A;
			productRefGroup = 9B03C2AB1CF97A6700BAA06A /* Products */;
			projectDirPath = "";
			projectRoot = "";
			targets = (
				9B03C2A91CF97A6700BAA06A /* LLBFeed */,
				9B03C2BD1CF97A6700BAA06A /* LLBFeedTests */,
				9B03C2C81CF97A6700BAA06A /* LLBFeedUITests */,
			);
		};
/* End PBXProject section */

/* Begin PBXResourcesBuildPhase section */
		9B03C2A81CF97A6700BAA06A /* Resources */ = {
			isa = PBXResourcesBuildPhase;
			buildActionMask = 2147483647;
			files = (
				9BBE7FF91CF9ECA60062C339 /* LLBPhotoFeedView.xib in Resources */,
				9B03C2B81CF97A6700BAA06A /* LaunchScreen.storyboard in Resources */,
				9B03C2B51CF97A6700BAA06A /* Assets.xcassets in Resources */,
				9B03C2B31CF97A6700BAA06A /* Main.storyboard in Resources */,
			);
			runOnlyForDeploymentPostprocessing = 0;
		};
		9B03C2BC1CF97A6700BAA06A /* Resources */ = {
			isa = PBXResourcesBuildPhase;
			buildActionMask = 2147483647;
			files = (
			);
			runOnlyForDeploymentPostprocessing = 0;
		};
		9B03C2C71CF97A6700BAA06A /* Resources */ = {
			isa = PBXResourcesBuildPhase;
			buildActionMask = 2147483647;
			files = (
			);
			runOnlyForDeploymentPostprocessing = 0;
		};
/* End PBXResourcesBuildPhase section */

/* Begin PBXShellScriptBuildPhase section */
		5D41443CE0F3560FE152A3EF /* Copy Pods Resources */ = {
			isa = PBXShellScriptBuildPhase;
			buildActionMask = 2147483647;
			files = (
			);
			inputPaths = (
			);
			name = "Copy Pods Resources";
			outputPaths = (
			);
			runOnlyForDeploymentPostprocessing = 0;
			shellPath = /bin/sh;
			shellScript = "\"${SRCROOT}/Pods/Target Support Files/Pods/Pods-resources.sh\"\n";
			showEnvVarsInLog = 0;
		};
		B78DFC2BBD10B2972216CF52 /* Check Pods Manifest.lock */ = {
			isa = PBXShellScriptBuildPhase;
			buildActionMask = 2147483647;
			files = (
			);
			inputPaths = (
			);
			name = "Check Pods Manifest.lock";
			outputPaths = (
			);
			runOnlyForDeploymentPostprocessing = 0;
			shellPath = /bin/sh;
			shellScript = "diff \"${PODS_ROOT}/../Podfile.lock\" \"${PODS_ROOT}/Manifest.lock\" > /dev/null\nif [[ $? != 0 ]] ; then\n    cat << EOM\nerror: The sandbox is not in sync with the Podfile.lock. Run 'pod install' or update your CocoaPods installation.\nEOM\n    exit 1\nfi\n";
			showEnvVarsInLog = 0;
		};
		F8C67E555DE9299A202E224C /* Embed Pods Frameworks */ = {
			isa = PBXShellScriptBuildPhase;
			buildActionMask = 2147483647;
			files = (
			);
			inputPaths = (
			);
			name = "Embed Pods Frameworks";
			outputPaths = (
			);
			runOnlyForDeploymentPostprocessing = 0;
			shellPath = /bin/sh;
			shellScript = "\"${SRCROOT}/Pods/Target Support Files/Pods/Pods-frameworks.sh\"\n";
			showEnvVarsInLog = 0;
		};
/* End PBXShellScriptBuildPhase section */

/* Begin PBXSourcesBuildPhase section */
		9B03C2A61CF97A6700BAA06A /* Sources */ = {
			isa = PBXSourcesBuildPhase;
			buildActionMask = 2147483647;
			files = (
				9BF847CD1CF9D9C3003BF0C3 /* LLBPhotoFeed.swift in Sources */,
				9BF847CB1CF9D964003BF0C3 /* LLBPhotoFeedLike.swift in Sources */,
				9BC63A181CF9C54E0078A996 /* LLBStorageExtension.swift in Sources */,
				9BF847C71CF9D7D9003BF0C3 /* LLBPhotoFeedImage.swift in Sources */,
				9B03C2EB1CF9956F00BAA06A /* LLBLoginController.swift in Sources */,
				9BF847C91CF9D881003BF0C3 /* LLBPhotoFeedUser.swift in Sources */,
				9B03C2E21CF98DD000BAA06A /* LLBTagsImageViewController.swift in Sources */,
				9BF847CF1CF9E0A8003BF0C3 /* LLBPhotoFeedGroup.swift in Sources */,
				9B03C2E41CF98DF400BAA06A /* LLBWindowManager.swift in Sources */,
				9BC63A1A1CF9C8270078A996 /* LLBDataFetcher.swift in Sources */,
				9B03C2E91CF991AF00BAA06A /* LLBGenericExtensions.swift in Sources */,
				9B03C2E01CF9887D00BAA06A /* LLBConstants.swift in Sources */,
				9BF847C11CF9D5DF003BF0C3 /* LLBPhotoFeedCaptionFrom.swift in Sources */,
				9BF847C31CF9D680003BF0C3 /* LLBPhotoFeedCaption.swift in Sources */,
				9BBE7FF71CF9EC970062C339 /* LLBPhotoFeedView.swift in Sources */,
				9BF847C51CF9D755003BF0C3 /* LLBPhotoFeedImageResolution.swift in Sources */,
				9B03C2AE1CF97A6700BAA06A /* AppDelegate.swift in Sources */,
			);
			runOnlyForDeploymentPostprocessing = 0;
		};
		9B03C2BA1CF97A6700BAA06A /* Sources */ = {
			isa = PBXSourcesBuildPhase;
			buildActionMask = 2147483647;
			files = (
				9B03C2C31CF97A6700BAA06A /* LLBFeedTests.swift in Sources */,
			);
			runOnlyForDeploymentPostprocessing = 0;
		};
		9B03C2C51CF97A6700BAA06A /* Sources */ = {
			isa = PBXSourcesBuildPhase;
			buildActionMask = 2147483647;
			files = (
				9B03C2CE1CF97A6700BAA06A /* LLBFeedUITests.swift in Sources */,
			);
			runOnlyForDeploymentPostprocessing = 0;
		};
/* End PBXSourcesBuildPhase section */

/* Begin PBXTargetDependency section */
		9B03C2C01CF97A6700BAA06A /* PBXTargetDependency */ = {
			isa = PBXTargetDependency;
			target = 9B03C2A91CF97A6700BAA06A /* LLBFeed */;
			targetProxy = 9B03C2BF1CF97A6700BAA06A /* PBXContainerItemProxy */;
		};
		9B03C2CB1CF97A6700BAA06A /* PBXTargetDependency */ = {
			isa = PBXTargetDependency;
			target = 9B03C2A91CF97A6700BAA06A /* LLBFeed */;
			targetProxy = 9B03C2CA1CF97A6700BAA06A /* PBXContainerItemProxy */;
		};
/* End PBXTargetDependency section */

/* Begin PBXVariantGroup section */
		9B03C2B11CF97A6700BAA06A /* Main.storyboard */ = {
			isa = PBXVariantGroup;
			children = (
				9B03C2B21CF97A6700BAA06A /* Base */,
			);
			name = Main.storyboard;
			sourceTree = "<group>";
		};
		9B03C2B61CF97A6700BAA06A /* LaunchScreen.storyboard */ = {
			isa = PBXVariantGroup;
			children = (
				9B03C2B71CF97A6700BAA06A /* Base */,
			);
			name = LaunchScreen.storyboard;
			sourceTree = "<group>";
		};
/* End PBXVariantGroup section */

/* Begin XCBuildConfiguration section */
		9B03C2D01CF97A6700BAA06A /* Debug */ = {
			isa = XCBuildConfiguration;
			buildSettings = {
				ALWAYS_SEARCH_USER_PATHS = NO;
				CLANG_ANALYZER_NONNULL = YES;
				CLANG_CXX_LANGUAGE_STANDARD = "gnu++0x";
				CLANG_CXX_LIBRARY = "libc++";
				CLANG_ENABLE_MODULES = YES;
				CLANG_ENABLE_OBJC_ARC = YES;
				CLANG_WARN_BOOL_CONVERSION = YES;
				CLANG_WARN_CONSTANT_CONVERSION = YES;
				CLANG_WARN_DIRECT_OBJC_ISA_USAGE = YES_ERROR;
				CLANG_WARN_EMPTY_BODY = YES;
				CLANG_WARN_ENUM_CONVERSION = YES;
				CLANG_WARN_INT_CONVERSION = YES;
				CLANG_WARN_OBJC_ROOT_CLASS = YES_ERROR;
				CLANG_WARN_UNREACHABLE_CODE = YES;
				CLANG_WARN__DUPLICATE_METHOD_MATCH = YES;
				"CODE_SIGN_IDENTITY[sdk=iphoneos*]" = "iPhone Developer";
				COPY_PHASE_STRIP = NO;
				DEBUG_INFORMATION_FORMAT = dwarf;
				ENABLE_STRICT_OBJC_MSGSEND = YES;
				ENABLE_TESTABILITY = YES;
				GCC_C_LANGUAGE_STANDARD = gnu99;
				GCC_DYNAMIC_NO_PIC = NO;
				GCC_NO_COMMON_BLOCKS = YES;
				GCC_OPTIMIZATION_LEVEL = 0;
				GCC_PREPROCESSOR_DEFINITIONS = (
					"DEBUG=1",
					"$(inherited)",
				);
				GCC_WARN_64_TO_32_BIT_CONVERSION = YES;
				GCC_WARN_ABOUT_RETURN_TYPE = YES_ERROR;
				GCC_WARN_UNDECLARED_SELECTOR = YES;
				GCC_WARN_UNINITIALIZED_AUTOS = YES_AGGRESSIVE;
				GCC_WARN_UNUSED_FUNCTION = YES;
				GCC_WARN_UNUSED_VARIABLE = YES;
				IPHONEOS_DEPLOYMENT_TARGET = 9.3;
				MTL_ENABLE_DEBUG_INFO = YES;
				ONLY_ACTIVE_ARCH = YES;
				SDKROOT = iphoneos;
				SWIFT_OPTIMIZATION_LEVEL = "-Onone";
				TARGETED_DEVICE_FAMILY = "1,2";
			};
			name = Debug;
		};
		9B03C2D11CF97A6700BAA06A /* Release */ = {
			isa = XCBuildConfiguration;
			buildSettings = {
				ALWAYS_SEARCH_USER_PATHS = NO;
				CLANG_ANALYZER_NONNULL = YES;
				CLANG_CXX_LANGUAGE_STANDARD = "gnu++0x";
				CLANG_CXX_LIBRARY = "libc++";
				CLANG_ENABLE_MODULES = YES;
				CLANG_ENABLE_OBJC_ARC = YES;
				CLANG_WARN_BOOL_CONVERSION = YES;
				CLANG_WARN_CONSTANT_CONVERSION = YES;
				CLANG_WARN_DIRECT_OBJC_ISA_USAGE = YES_ERROR;
				CLANG_WARN_EMPTY_BODY = YES;
				CLANG_WARN_ENUM_CONVERSION = YES;
				CLANG_WARN_INT_CONVERSION = YES;
				CLANG_WARN_OBJC_ROOT_CLASS = YES_ERROR;
				CLANG_WARN_UNREACHABLE_CODE = YES;
				CLANG_WARN__DUPLICATE_METHOD_MATCH = YES;
				"CODE_SIGN_IDENTITY[sdk=iphoneos*]" = "iPhone Developer";
				COPY_PHASE_STRIP = NO;
				DEBUG_INFORMATION_FORMAT = "dwarf-with-dsym";
				ENABLE_NS_ASSERTIONS = NO;
				ENABLE_STRICT_OBJC_MSGSEND = YES;
				GCC_C_LANGUAGE_STANDARD = gnu99;
				GCC_NO_COMMON_BLOCKS = YES;
				GCC_WARN_64_TO_32_BIT_CONVERSION = YES;
				GCC_WARN_ABOUT_RETURN_TYPE = YES_ERROR;
				GCC_WARN_UNDECLARED_SELECTOR = YES;
				GCC_WARN_UNINITIALIZED_AUTOS = YES_AGGRESSIVE;
				GCC_WARN_UNUSED_FUNCTION = YES;
				GCC_WARN_UNUSED_VARIABLE = YES;
				IPHONEOS_DEPLOYMENT_TARGET = 9.3;
				MTL_ENABLE_DEBUG_INFO = NO;
				SDKROOT = iphoneos;
				TARGETED_DEVICE_FAMILY = "1,2";
				VALIDATE_PRODUCT = YES;
			};
			name = Release;
		};
		9B03C2D31CF97A6700BAA06A /* Debug */ = {
			isa = XCBuildConfiguration;
			baseConfigurationReference = 0B7E33D01DF7CC6CF5C5F4FE /* Pods.debug.xcconfig */;
			buildSettings = {
				ASSETCATALOG_COMPILER_APPICON_NAME = AppIcon;
				INFOPLIST_FILE = LLBFeed/Info.plist;
				IPHONEOS_DEPLOYMENT_TARGET = 8.0;
				LD_RUNPATH_SEARCH_PATHS = "$(inherited) @executable_path/Frameworks";
				PRODUCT_BUNDLE_IDENTIFIER = com.shashi.LLBFeed;
				PRODUCT_NAME = "$(TARGET_NAME)";
			};
			name = Debug;
		};
		9B03C2D41CF97A6700BAA06A /* Release */ = {
			isa = XCBuildConfiguration;
			baseConfigurationReference = 220185A69D43BF1DDC689FB5 /* Pods.release.xcconfig */;
			buildSettings = {
				ASSETCATALOG_COMPILER_APPICON_NAME = AppIcon;
				INFOPLIST_FILE = LLBFeed/Info.plist;
				IPHONEOS_DEPLOYMENT_TARGET = 8.0;
				LD_RUNPATH_SEARCH_PATHS = "$(inherited) @executable_path/Frameworks";
				PRODUCT_BUNDLE_IDENTIFIER = com.shashi.LLBFeed;
				PRODUCT_NAME = "$(TARGET_NAME)";
			};
			name = Release;
		};
		9B03C2D61CF97A6700BAA06A /* Debug */ = {
			isa = XCBuildConfiguration;
			buildSettings = {
				BUNDLE_LOADER = "$(TEST_HOST)";
				INFOPLIST_FILE = LLBFeedTests/Info.plist;
				LD_RUNPATH_SEARCH_PATHS = "$(inherited) @executable_path/Frameworks @loader_path/Frameworks";
				PRODUCT_BUNDLE_IDENTIFIER = com.shashi.LLBFeedTests;
				PRODUCT_NAME = "$(TARGET_NAME)";
				TEST_HOST = "$(BUILT_PRODUCTS_DIR)/LLBFeed.app/LLBFeed";
			};
			name = Debug;
		};
		9B03C2D71CF97A6700BAA06A /* Release */ = {
			isa = XCBuildConfiguration;
			buildSettings = {
				BUNDLE_LOADER = "$(TEST_HOST)";
				INFOPLIST_FILE = LLBFeedTests/Info.plist;
				LD_RUNPATH_SEARCH_PATHS = "$(inherited) @executable_path/Frameworks @loader_path/Frameworks";
				PRODUCT_BUNDLE_IDENTIFIER = com.shashi.LLBFeedTests;
				PRODUCT_NAME = "$(TARGET_NAME)";
				TEST_HOST = "$(BUILT_PRODUCTS_DIR)/LLBFeed.app/LLBFeed";
			};
			name = Release;
		};
		9B03C2D91CF97A6700BAA06A /* Debug */ = {
			isa = XCBuildConfiguration;
			buildSettings = {
				INFOPLIST_FILE = LLBFeedUITests/Info.plist;
				LD_RUNPATH_SEARCH_PATHS = "$(inherited) @executable_path/Frameworks @loader_path/Frameworks";
				PRODUCT_BUNDLE_IDENTIFIER = com.shashi.LLBFeedUITests;
				PRODUCT_NAME = "$(TARGET_NAME)";
				TEST_TARGET_NAME = LLBFeed;
			};
			name = Debug;
		};
		9B03C2DA1CF97A6700BAA06A /* Release */ = {
			isa = XCBuildConfiguration;
			buildSettings = {
				INFOPLIST_FILE = LLBFeedUITests/Info.plist;
				LD_RUNPATH_SEARCH_PATHS = "$(inherited) @executable_path/Frameworks @loader_path/Frameworks";
				PRODUCT_BUNDLE_IDENTIFIER = com.shashi.LLBFeedUITests;
				PRODUCT_NAME = "$(TARGET_NAME)";
				TEST_TARGET_NAME = LLBFeed;
			};
			name = Release;
		};
/* End XCBuildConfiguration section */

/* Begin XCConfigurationList section */
		9B03C2A51CF97A6700BAA06A /* Build configuration list for PBXProject "LLBFeed" */ = {
			isa = XCConfigurationList;
			buildConfigurations = (
				9B03C2D01CF97A6700BAA06A /* Debug */,
				9B03C2D11CF97A6700BAA06A /* Release */,
			);
			defaultConfigurationIsVisible = 0;
			defaultConfigurationName = Release;
		};
		9B03C2D21CF97A6700BAA06A /* Build configuration list for PBXNativeTarget "LLBFeed" */ = {
			isa = XCConfigurationList;
			buildConfigurations = (
				9B03C2D31CF97A6700BAA06A /* Debug */,
				9B03C2D41CF97A6700BAA06A /* Release */,
			);
			defaultConfigurationIsVisible = 0;
			defaultConfigurationName = Release;
		};
		9B03C2D51CF97A6700BAA06A /* Build configuration list for PBXNativeTarget "LLBFeedTests" */ = {
			isa = XCConfigurationList;
			buildConfigurations = (
				9B03C2D61CF97A6700BAA06A /* Debug */,
				9B03C2D71CF97A6700BAA06A /* Release */,
			);
			defaultConfigurationIsVisible = 0;
			defaultConfigurationName = Release;
		};
		9B03C2D81CF97A6700BAA06A /* Build configuration list for PBXNativeTarget "LLBFeedUITests" */ = {
			isa = XCConfigurationList;
			buildConfigurations = (
				9B03C2D91CF97A6700BAA06A /* Debug */,
				9B03C2DA1CF97A6700BAA06A /* Release */,
			);
			defaultConfigurationIsVisible = 0;
			defaultConfigurationName = Release;
		};
/* End XCConfigurationList section */
	};
	rootObject = 9B03C2A21CF97A6700BAA06A /* Project object */;
}
